
Microsoft Visual Studio Solution File, Format Version 12.00
Project("{FAE04EC0-301F-11D3-BF4B-00C04F79EFBC}") = "TMD-WalletMaster.Tests", "TMD-WalletMaster.Tests\TMD-WalletMaster.Tests.csproj", "{13035F13-F7DC-4F15-BFF7-C61E10DA434F}"
EndProject
Global
	GlobalSection(SolutionConfigurationPlatforms) = preSolution
		Debug|Any CPU = Debug|Any CPU
		Release|Any CPU = Release|Any CPU
	EndGlobalSection
	GlobalSection(ProjectConfigurationPlatforms) = postSolution
		{13035F13-F7DC-4F15-BFF7-C61E10DA434F}.Debug|Any CPU.ActiveCfg = Debug|Any CPU
		{13035F13-F7DC-4F15-BFF7-C61E10DA434F}.Debug|Any CPU.Build.0 = Debug|Any CPU
		{13035F13-F7DC-4F15-BFF7-C61E10DA434F}.Release|Any CPU.ActiveCfg = Release|Any CPU
		{13035F13-F7DC-4F15-BFF7-C61E10DA434F}.Release|Any CPU.Build.0 = Release|Any CPU
	EndGlobalSection
EndGlobal
